// !$*UTF8*$!
{
	archiveVersion = 1;
	classes = {
	};
	objectVersion = 46;
	objects = {

/* Begin PBXBuildFile section */
		47B6DE961E82D33C00E91F45 /* AppDelegate.swift in Sources */ = {isa = PBXBuildFile; fileRef = 47B6DE951E82D33C00E91F45 /* AppDelegate.swift */; };
		47B6DE981E82D33C00E91F45 /* ViewController.swift in Sources */ = {isa = PBXBuildFile; fileRef = 47B6DE971E82D33C00E91F45 /* ViewController.swift */; };
		47B6DE9B1E82D33C00E91F45 /* Main.storyboard in Resources */ = {isa = PBXBuildFile; fileRef = 47B6DE991E82D33C00E91F45 /* Main.storyboard */; };
		47B6DE9D1E82D33C00E91F45 /* Assets.xcassets in Resources */ = {isa = PBXBuildFile; fileRef = 47B6DE9C1E82D33C00E91F45 /* Assets.xcassets */; };
		47B6DEA01E82D33C00E91F45 /* LaunchScreen.storyboard in Resources */ = {isa = PBXBuildFile; fileRef = 47B6DE9E1E82D33C00E91F45 /* LaunchScreen.storyboard */; };
		47B6DEA81E82D8D600E91F45 /* GradientView.swift in Sources */ = {isa = PBXBuildFile; fileRef = 47B6DEA71E82D8D600E91F45 /* GradientView.swift */; };
/* End PBXBuildFile section */

/* Begin PBXFileReference section */
		47B6DE921E82D33C00E91F45 /* GradientWorkout.app */ = {isa = PBXFileReference; explicitFileType = wrapper.application; includeInIndex = 0; path = GradientWorkout.app; sourceTree = BUILT_PRODUCTS_DIR; };
		47B6DE951E82D33C00E91F45 /* AppDelegate.swift */ = {isa = PBXFileReference; lastKnownFileType = sourcecode.swift; path = AppDelegate.swift; sourceTree = "<group>"; };
		47B6DE971E82D33C00E91F45 /* ViewController.swift */ = {isa = PBXFileReference; lastKnownFileType = sourcecode.swift; path = ViewController.swift; sourceTree = "<group>"; };
		47B6DE9A1E82D33C00E91F45 /* Base */ = {isa = PBXFileReference; lastKnownFileType = file.storyboard; name = Base; path = Base.lproj/Main.storyboard; sourceTree = "<group>"; };
		47B6DE9C1E82D33C00E91F45 /* Assets.xcassets */ = {isa = PBXFileReference; lastKnownFileType = folder.assetcatalog; path = Assets.xcassets; sourceTree = "<group>"; };
		47B6DE9F1E82D33C00E91F45 /* Base */ = {isa = PBXFileReference; lastKnownFileType = file.storyboard; name = Base; path = Base.lproj/LaunchScreen.storyboard; sourceTree = "<group>"; };
		47B6DEA11E82D33C00E91F45 /* Info.plist */ = {isa = PBXFileReference; lastKnownFileType = text.plist.xml; path = Info.plist; sourceTree = "<group>"; };
		47B6DEA71E82D8D600E91F45 /* GradientView.swift */ = {isa = PBXFileReference; fileEncoding = 4; lastKnownFileType = sourcecode.swift; path = GradientView.swift; sourceTree = "<group>"; };
/* End PBXFileReference section */

/* Begin PBXFrameworksBuildPhase section */
		47B6DE8F1E82D33C00E91F45 /* Frameworks */ = {
			isa = PBXFrameworksBuildPhase;
			buildActionMask = 2147483647;
			files = (
			);
			runOnlyForDeploymentPostprocessing = 0;
		};
/* End PBXFrameworksBuildPhase section */

/* Begin PBXGroup section */
		47B6DE891E82D33B00E91F45 = {
			isa = PBXGroup;
			children = (
				47B6DE941E82D33C00E91F45 /* GradientWorkout */,
				47B6DE931E82D33C00E91F45 /* Products */,
			);
			sourceTree = "<group>";
		};
		47B6DE931E82D33C00E91F45 /* Products */ = {
			isa = PBXGroup;
			children = (
				47B6DE921E82D33C00E91F45 /* GradientWorkout.app */,
			);
			name = Products;
			sourceTree = "<group>";
		};
		47B6DE941E82D33C00E91F45 /* GradientWorkout */ = {
			isa = PBXGroup;
			children = (
				47B6DE951E82D33C00E91F45 /* AppDelegate.swift */,
				47B6DE971E82D33C00E91F45 /* ViewController.swift */,
				47B6DE991E82D33C00E91F45 /* Main.storyboard */,
				47B6DE9C1E82D33C00E91F45 /* Assets.xcassets */,
				47B6DE9E1E82D33C00E91F45 /* LaunchScreen.storyboard */,
				47B6DEA11E82D33C00E91F45 /* Info.plist */,
				47B6DEA71E82D8D600E91F45 /* GradientView.swift */,
			);
			path = GradientWorkout;
			sourceTree = "<group>";
		};
/* End PBXGroup section */

/* Begin PBXNativeTarget section */
		47B6DE911E82D33C00E91F45 /* GradientWorkout */ = {
			isa = PBXNativeTarget;
			buildConfigurationList = 47B6DEA41E82D33C00E91F45 /* Build configuration list for PBXNativeTarget "GradientWorkout" */;
			buildPhases = (
				47B6DE8E1E82D33C00E91F45 /* Sources */,
				47B6DE8F1E82D33C00E91F45 /* Frameworks */,
				47B6DE901E82D33C00E91F45 /* Resources */,
			);
			buildRules = (
			);
			dependencies = (
			);
			name = GradientWorkout;
			productName = GradientWorkout;
			productReference = 47B6DE921E82D33C00E91F45 /* GradientWorkout.app */;
			productType = "com.apple.product-type.application";
		};
/* End PBXNativeTarget section */

/* Begin PBXProject section */
		47B6DE8A1E82D33C00E91F45 /* Project object */ = {
			isa = PBXProject;
			attributes = {
				LastSwiftUpdateCheck = 0820;
				LastUpgradeCheck = 0820;
				ORGANIZATIONNAME = Echitey;
				TargetAttributes = {
					47B6DE911E82D33C00E91F45 = {
						CreatedOnToolsVersion = 8.2.1;
						ProvisioningStyle = Automatic;
					};
				};
			};
			buildConfigurationList = 47B6DE8D1E82D33C00E91F45 /* Build configuration list for PBXProject "GradientWorkout" */;
			compatibilityVersion = "Xcode 3.2";
			developmentRegion = English;
			hasScannedForEncodings = 0;
			knownRegions = (
				en,
				Base,
			);
			mainGroup = 47B6DE891E82D33B00E91F45;
			productRefGroup = 47B6DE931E82D33C00E91F45 /* Products */;
			projectDirPath = "";
			projectRoot = "";
			targets = (
				47B6DE911E82D33C00E91F45 /* GradientWorkout */,
			);
		};
/* End PBXProject section */

/* Begin PBXResourcesBuildPhase section */
		47B6DE901E82D33C00E91F45 /* Resources */ = {
			isa = PBXResourcesBuildPhase;
			buildActionMask = 2147483647;
			files = (
				47B6DEA01E82D33C00E91F45 /* LaunchScreen.storyboard in Resources */,
				47B6DE9D1E82D33C00E91F45 /* Assets.xcassets in Resources */,
				47B6DE9B1E82D33C00E91F45 /* Main.storyboard in Resources */,
			);
			runOnlyForDeploymentPostprocessing = 0;
		};
/* End PBXResourcesBuildPhase section */

/* Begin PBXSourcesBuildPhase section */
		47B6DE8E1E82D33C00E91F45 /* Sources */ = {
			isa = PBXSourcesBuildPhase;
			buildActionMask = 2147483647;
			files = (
				47B6DE981E82D33C00E91F45 /* ViewController.swift in Sources */,
				47B6DE961E82D33C00E91F45 /* AppDelegate.swift in Sources */,
				47B6DEA81E82D8D600E91F45 /* GradientView.swift in Sources */,
			);
			runOnlyForDeploymentPostprocessing = 0;
		};
/* End PBXSourcesBuildPhase section */

/* Begin PBXVariantGroup section */
		47B6DE991E82D33C00E91F45 /* Main.storyboard */ = {
			isa = PBXVariantGroup;
			children = (
				47B6DE9A1E82D33C00E91F45 /* Base */,
			);
			name = Main.storyboard;
			sourceTree = "<group>";
		};
		47B6DE9E1E82D33C00E91F45 /* LaunchScreen.storyboard */ = {
			isa = PBXVariantGroup;
			children = (
				47B6DE9F1E82D33C00E91F45 /* Base */,
			);
			name = LaunchScreen.storyboard;
			sourceTree = "<group>";
		};
/* End PBXVariantGroup section */

/* Begin XCBuildConfiguration section */
		47B6DEA21E82D33C00E91F45 /* Debug */ = {
			isa = XCBuildConfiguration;
			buildSettings = {
				ALWAYS_SEARCH_USER_PATHS = NO;
				CLANG_ANALYZER_NONNULL = YES;
				CLANG_CXX_LANGUAGE_STANDARD = "gnu++0x";
				CLANG_CXX_LIBRARY = "libc++";
				CLANG_ENABLE_MODULES = YES;
				CLANG_ENABLE_OBJC_ARC = YES;
				CLANG_WARN_BOOL_CONVERSION = YES;
				CLANG_WARN_CONSTANT_CONVERSION = YES;
				CLANG_WARN_DIRECT_OBJC_ISA_USAGE = YES_ERROR;
				CLANG_WARN_DOCUMENTATION_COMMENTS = YES;
				CLANG_WARN_EMPTY_BODY = YES;
				CLANG_WARN_ENUM_CONVERSION = YES;
				CLANG_WARN_INFINITE_RECURSION = YES;
				CLANG_WARN_INT_CONVERSION = YES;
				CLANG_WARN_OBJC_ROOT_CLASS = YES_ERROR;
				CLANG_WARN_SUSPICIOUS_MOVE = YES;
				CLANG_WARN_UNREACHABLE_CODE = YES;
				CLANG_WARN__DUPLICATE_METHOD_MATCH = YES;
				"CODE_SIGN_IDENTITY[sdk=iphoneos*]" = "iPhone Developer";
				COPY_PHASE_STRIP = NO;
				DEBUG_INFORMATION_FORMAT = dwarf;
				ENABLE_STRICT_OBJC_MSGSEND = YES;
				ENABLE_TESTABILITY = YES;
				GCC_C_LANGUAGE_STANDARD = gnu99;
				GCC_DYNAMIC_NO_PIC = NO;
				GCC_NO_COMMON_BLOCKS = YES;
				GCC_OPTIMIZATION_LEVEL = 0;
				GCC_PREPROCESSOR_DEFINITIONS = (
					"DEBUG=1",
					"$(inherited)",
				);
				GCC_WARN_64_TO_32_BIT_CONVERSION = YES;
				GCC_WARN_ABOUT_RETURN_TYPE = YES_ERROR;
				GCC_WARN_UNDECLARED_SELECTOR = YES;
				GCC_WARN_UNINITIALIZED_AUTOS = YES_AGGRESSIVE;
				GCC_WARN_UNUSED_FUNCTION = YES;
				GCC_WARN_UNUSED_VARIABLE = YES;
				IPHONEOS_DEPLOYMENT_TARGET = 10.2;
				MTL_ENABLE_DEBUG_INFO = YES;
				ONLY_ACTIVE_ARCH = YES;
				SDKROOT = iphoneos;
				SWIFT_ACTIVE_COMPILATION_CONDITIONS = DEBUG;
				SWIFT_OPTIMIZATION_LEVEL = "-Onone";
				TARGETED_DEVICE_FAMILY = "1,2";
			};
			name = Debug;
		};
		47B6DEA31E82D33C00E91F45 /* Release */ = {
			isa = XCBuildConfiguration;
			buildSettings = {
				ALWAYS_SEARCH_USER_PATHS = NO;
				CLANG_ANALYZER_NONNULL = YES;
				CLANG_CXX_LANGUAGE_STANDARD = "gnu++0x";
				CLANG_CXX_LIBRARY = "libc++";
				CLANG_ENABLE_MODULES = YES;
				CLANG_ENABLE_OBJC_ARC = YES;
				CLANG_WARN_BOOL_CONVERSION = YES;
				CLANG_WARN_CONSTANT_CONVERSION = YES;
				CLANG_WARN_DIRECT_OBJC_ISA_USAGE = YES_ERROR;
				CLANG_WARN_DOCUMENTATION_COMMENTS = YES;
				CLANG_WARN_EMPTY_BODY = YES;
				CLANG_WARN_ENUM_CONVERSION = YES;
				CLANG_WARN_INFINITE_RECURSION = YES;
				CLANG_WARN_INT_CONVERSION = YES;
				CLANG_WARN_OBJC_ROOT_CLASS = YES_ERROR;
				CLANG_WARN_SUSPICIOUS_MOVE = YES;
				CLANG_WARN_UNREACHABLE_CODE = YES;
				CLANG_WARN__DUPLICATE_METHOD_MATCH = YES;
				"CODE_SIGN_IDENTITY[sdk=iphoneos*]" = "iPhone Developer";
				COPY_PHASE_STRIP = NO;
				DEBUG_INFORMATION_FORMAT = "dwarf-with-dsym";
				ENABLE_NS_ASSERTIONS = NO;
				ENABLE_STRICT_OBJC_MSGSEND = YES;
				GCC_C_LANGUAGE_STANDARD = gnu99;
				GCC_NO_COMMON_BLOCKS = YES;
				GCC_WARN_64_TO_32_BIT_CONVERSION = YES;
				GCC_WARN_ABOUT_RETURN_TYPE = YES_ERROR;
				GCC_WARN_UNDECLARED_SELECTOR = YES;
				GCC_WARN_UNINITIALIZED_AUTOS = YES_AGGRESSIVE;
				GCC_WARN_UNUSED_FUNCTION = YES;
				GCC_WARN_UNUSED_VARIABLE = YES;
				IPHONEOS_DEPLOYMENT_TARGET = 10.2;
				MTL_ENABLE_DEBUG_INFO = NO;
				SDKROOT = iphoneos;
				SWIFT_OPTIMIZATION_LEVEL = "-Owholemodule";
				TARGETED_DEVICE_FAMILY = "1,2";
				VALIDATE_PRODUCT = YES;
			};
			name = Release;
		};
		47B6DEA51E82D33C00E91F45 /* Debug */ = {
			isa = XCBuildConfiguration;
			buildSettings = {
				ASSETCATALOG_COMPILER_APPICON_NAME = AppIcon;
				INFOPLIST_FILE = GradientWorkout/Info.plist;
				LD_RUNPATH_SEARCH_PATHS = "$(inherited) @executable_path/Frameworks";
				PRODUCT_BUNDLE_IDENTIFIER = echitey.com.GradientWorkout;
				PRODUCT_NAME = "$(TARGET_NAME)";
				SWIFT_VERSION = 3.0;
			};
			name = Debug;
		};
		47B6DEA61E82D33C00E91F45 /* Release */ = {
			isa = XCBuildConfiguration;
			buildSettings = {
				ASSETCATALOG_COMPILER_APPICON_NAME = AppIcon;
				INFOPLIST_FILE = GradientWorkout/Info.plist;
				LD_RUNPATH_SEARCH_PATHS = "$(inherited) @executable_path/Frameworks";
				PRODUCT_BUNDLE_IDENTIFIER = echitey.com.GradientWorkout;
				PRODUCT_NAME = "$(TARGET_NAME)";
				SWIFT_VERSION = 3.0;
			};
			name = Release;
		};
/* End XCBuildConfiguration section */

/* Begin XCConfigurationList section */
		47B6DE8D1E82D33C00E91F45 /* Build configuration list for PBXProject "GradientWorkout" */ = {
			isa = XCConfigurationList;
			buildConfigurations = (
				47B6DEA21E82D33C00E91F45 /* Debug */,
				47B6DEA31E82D33C00E91F45 /* Release */,
			);
			defaultConfigurationIsVisible = 0;
			defaultConfigurationName = Release;
		};
		47B6DEA41E82D33C00E91F45 /* Build configuration list for PBXNativeTarget "GradientWorkout" */ = {
			isa = XCConfigurationList;
			buildConfigurations = (
				47B6DEA51E82D33C00E91F45 /* Debug */,
				47B6DEA61E82D33C00E91F45 /* Release */,
			);
			defaultConfigurationIsVisible = 0;
		};
/* End XCConfigurationList section */
	};
	rootObject = 47B6DE8A1E82D33C00E91F45 /* Project object */;
}
